{
  "version": 4,
  "terraform_version": "1.2.4",
  "serial": 11,
  "lineage": "d7963738-639b-8699-9922-d68a9bbbf29b",
  "outputs": {},
  "resources": [
    {
      "mode": "managed",
      "type": "aws_s3_bucket",
      "name": "b",
      "provider": "provider[\"registry.terraform.io/hashicorp/aws\"]",
      "instances": [
        {
          "index_key": "name",
          "schema_version": 0,
          "attributes": {
            "acceleration_status": "",
            "acl": null,
            "arn": "arn:aws:s3:::ashu-bucket2",
            "bucket": "ashu-bucket2",
            "bucket_domain_name": "ashu-bucket2.s3.amazonaws.com",
            "bucket_prefix": null,
            "bucket_regional_domain_name": "ashu-bucket2.s3.ap-south-1.amazonaws.com",
            "cors_rule": [],
            "force_destroy": false,
            "grant": [
              {
                "id": "313c4424e10ce44c5cdad78bd0926f3518a1b1d417e5c5bda771bd7322cdfff8",
                "permissions": [
                  "FULL_CONTROL"
                ],
                "type": "CanonicalUser",
                "uri": ""
              }
            ],
            "hosted_zone_id": "Z11RGJOFQNVJUP",
            "id": "ashu-bucket2",
            "lifecycle_rule": [],
            "logging": [],
            "object_lock_configuration": [],
            "object_lock_enabled": false,
            "policy": "",
            "region": "ap-south-1",
            "replication_configuration": [],
            "request_payer": "BucketOwner",
            "server_side_encryption_configuration": [],
            "tags": {
              "Environment": "Dev",
              "Name": "Ashu2"
            },
            "tags_all": {
              "Environment": "Dev",
              "Name": "Ashu2"
            },
            "versioning": [
              {
                "enabled": false,
                "mfa_delete": false
              }
            ],
            "website": [],
            "website_domain": null,
            "website_endpoint": null
          },
          "sensitive_attributes": [],
          "private": "bnVsbA=="
        }
      ]
    }
  ]
}
